
Microsoft Visual Studio Solution File, Format Version 12.00
# Visual Studio Version 17
VisualStudioVersion = 17.13.35825.156
MinimumVisualStudioVersion = 10.0.40219.1
Project("{FAE04EC0-301F-11D3-BF4B-00C04F79EFBC}") = "Online-Store-Backend", "Online-Store-Backend\Online-Store-Backend.csproj", "{53FEF4AA-0F4B-42D9-8D18-7A5DE197B4E1}"
EndProject
Project("{FAE04EC0-301F-11D3-BF4B-00C04F79EFBC}") = "Online-Store-Backend.Domain", "Online-Store-Backend.Domain\Online-Store-Backend.Domain.csproj", "{704B5F18-C01A-483D-A8E7-F580AC808E46}"
EndProject
Project("{FAE04EC0-301F-11D3-BF4B-00C04F79EFBC}") = "Online-Store-Backend.Database", "Online-Store-Backend.Database\Online-Store-Backend.Database.csproj", "{00F9AA83-E995-48AE-BAC1-542F4BFF8443}"
EndProject
Project("{FAE04EC0-301F-11D3-BF4B-00C04F79EFBC}") = "Online-Store-Backend.Enums", "Online-Store-Backend.Enums\Online-Store-Backend.Enums.csproj", "{40B0FDB1-13F3-4173-AD4B-7A3C1FA45729}"
EndProject
Project("{FAE04EC0-301F-11D3-BF4B-00C04F79EFBC}") = "Online-Store-Backend.Migrations", "Online-Store-Backend.Migrations\Online-Store-Backend.Migrations.csproj", "{F6A13177-4AB8-40A4-BA31-B4A9B51A783D}"
EndProject
Global
	GlobalSection(SolutionConfigurationPlatforms) = preSolution
		Debug|Any CPU = Debug|Any CPU
		Release|Any CPU = Release|Any CPU
	EndGlobalSection
	GlobalSection(ProjectConfigurationPlatforms) = postSolution
		{53FEF4AA-0F4B-42D9-8D18-7A5DE197B4E1}.Debug|Any CPU.ActiveCfg = Debug|Any CPU
		{53FEF4AA-0F4B-42D9-8D18-7A5DE197B4E1}.Debug|Any CPU.Build.0 = Debug|Any CPU
		{53FEF4AA-0F4B-42D9-8D18-7A5DE197B4E1}.Release|Any CPU.ActiveCfg = Release|Any CPU
		{53FEF4AA-0F4B-42D9-8D18-7A5DE197B4E1}.Release|Any CPU.Build.0 = Release|Any CPU
		{704B5F18-C01A-483D-A8E7-F580AC808E46}.Debug|Any CPU.ActiveCfg = Debug|Any CPU
		{704B5F18-C01A-483D-A8E7-F580AC808E46}.Debug|Any CPU.Build.0 = Debug|Any CPU
		{704B5F18-C01A-483D-A8E7-F580AC808E46}.Release|Any CPU.ActiveCfg = Release|Any CPU
		{704B5F18-C01A-483D-A8E7-F580AC808E46}.Release|Any CPU.Build.0 = Release|Any CPU
		{00F9AA83-E995-48AE-BAC1-542F4BFF8443}.Debug|Any CPU.ActiveCfg = Debug|Any CPU
		{00F9AA83-E995-48AE-BAC1-542F4BFF8443}.Debug|Any CPU.Build.0 = Debug|Any CPU
		{00F9AA83-E995-48AE-BAC1-542F4BFF8443}.Release|Any CPU.ActiveCfg = Release|Any CPU
		{00F9AA83-E995-48AE-BAC1-542F4BFF8443}.Release|Any CPU.Build.0 = Release|Any CPU
		{40B0FDB1-13F3-4173-AD4B-7A3C1FA45729}.Debug|Any CPU.ActiveCfg = Debug|Any CPU
		{40B0FDB1-13F3-4173-AD4B-7A3C1FA45729}.Debug|Any CPU.Build.0 = Debug|Any CPU
		{40B0FDB1-13F3-4173-AD4B-7A3C1FA45729}.Release|Any CPU.ActiveCfg = Release|Any CPU
		{40B0FDB1-13F3-4173-AD4B-7A3C1FA45729}.Release|Any CPU.Build.0 = Release|Any CPU
		{F6A13177-4AB8-40A4-BA31-B4A9B51A783D}.Debug|Any CPU.ActiveCfg = Debug|Any CPU
		{F6A13177-4AB8-40A4-BA31-B4A9B51A783D}.Debug|Any CPU.Build.0 = Debug|Any CPU
		{F6A13177-4AB8-40A4-BA31-B4A9B51A783D}.Release|Any CPU.ActiveCfg = Release|Any CPU
		{F6A13177-4AB8-40A4-BA31-B4A9B51A783D}.Release|Any CPU.Build.0 = Release|Any CPU
	EndGlobalSection
	GlobalSection(SolutionProperties) = preSolution
		HideSolutionNode = FALSE
	EndGlobalSection
	GlobalSection(ExtensibilityGlobals) = postSolution
		SolutionGuid = {280975E2-017F-4771-83F3-00DFBA9DDBFC}
	EndGlobalSection
EndGlobal
